
Microsoft Visual Studio Solution File, Format Version 12.00
# Visual Studio Version 16
VisualStudioVersion = 16.0.29519.87
MinimumVisualStudioVersion = 10.0.40219.1
Project("{FAE04EC0-301F-11D3-BF4B-00C04F79EFBC}") = "WF_Test", "WF_Test\WF_Test.csproj", "{B83FA657-86ED-4B5D-9FC2-147B375F3FAE}"
EndProject
Global
	GlobalSection(SolutionConfigurationPlatforms) = preSolution
		Debug|Any CPU = Debug|Any CPU
		Release|Any CPU = Release|Any CPU
	EndGlobalSection
	GlobalSection(ProjectConfigurationPlatforms) = postSolution
		{B83FA657-86ED-4B5D-9FC2-147B375F3FAE}.Debug|Any CPU.ActiveCfg = Debug|Any CPU
		{B83FA657-86ED-4B5D-9FC2-147B375F3FAE}.Debug|Any CPU.Build.0 = Debug|Any CPU
		{B83FA657-86ED-4B5D-9FC2-147B375F3FAE}.Release|Any CPU.ActiveCfg = Release|Any CPU
		{B83FA657-86ED-4B5D-9FC2-147B375F3FAE}.Release|Any CPU.Build.0 = Release|Any CPU
	EndGlobalSection
	GlobalSection(SolutionProperties) = preSolution
		HideSolutionNode = FALSE
	EndGlobalSection
	GlobalSection(ExtensibilityGlobals) = postSolution
		SolutionGuid = {C5003F5B-2C75-46E8-9F78-C4C30108C35A}
	EndGlobalSection
EndGlobal
